
Microsoft Visual Studio Solution File, Format Version 12.00
# Visual Studio Version 16
VisualStudioVersion = 16.0.32228.343
MinimumVisualStudioVersion = 10.0.40219.1
Project("{FAE04EC0-301F-11D3-BF4B-00C04F79EFBC}") = "ConstructorMethodApplication", "ConstructorMethodApplication\ConstructorMethodApplication.csproj", "{10CB81A3-50B3-450B-95AC-AB09295C4A75}"
EndProject
Global
	GlobalSection(SolutionConfigurationPlatforms) = preSolution
		Debug|Any CPU = Debug|Any CPU
		Release|Any CPU = Release|Any CPU
	EndGlobalSection
	GlobalSection(ProjectConfigurationPlatforms) = postSolution
		{10CB81A3-50B3-450B-95AC-AB09295C4A75}.Debug|Any CPU.ActiveCfg = Debug|Any CPU
		{10CB81A3-50B3-450B-95AC-AB09295C4A75}.Debug|Any CPU.Build.0 = Debug|Any CPU
		{10CB81A3-50B3-450B-95AC-AB09295C4A75}.Release|Any CPU.ActiveCfg = Release|Any CPU
		{10CB81A3-50B3-450B-95AC-AB09295C4A75}.Release|Any CPU.Build.0 = Release|Any CPU
	EndGlobalSection
	GlobalSection(SolutionProperties) = preSolution
		HideSolutionNode = FALSE
	EndGlobalSection
	GlobalSection(ExtensibilityGlobals) = postSolution
		SolutionGuid = {47657F65-360A-4A93-98E8-72E471BAAF81}
	EndGlobalSection
EndGlobal
